// !$*UTF8*$!
{
	archiveVersion = 1;
	classes = {
	};
	objectVersion = 56;
	objects = {

/* Begin PBXBuildFile section */
		6E74DBCC2D0F99F200F0B84E /* JobListingCardTableViewCell.xib in Resources */ = {isa = PBXBuildFile; fileRef = 6E74DBCB2D0F99F200F0B84E /* JobListingCardTableViewCell.xib */; };
		6E74DBCD2D0F99F200F0B84E /* JobListingCardTableViewCell.swift in Sources */ = {isa = PBXBuildFile; fileRef = 6E74DBCA2D0F99F200F0B84E /* JobListingCardTableViewCell.swift */; };
		6E74DBCF2D0FA1BF00F0B84E /* Models.swift in Sources */ = {isa = PBXBuildFile; fileRef = 6E74DBCE2D0FA1BF00F0B84E /* Models.swift */; };
		6E74DBD22D10274D00F0B84E /* test.storyboard in Resources */ = {isa = PBXBuildFile; fileRef = 6E74DBD12D10274D00F0B84E /* test.storyboard */; };
		6E74DBD42D10276300F0B84E /* test.swift in Sources */ = {isa = PBXBuildFile; fileRef = 6E74DBD32D10276300F0B84E /* test.swift */; };
		6E74DBDF2D10BE2900F0B84E /* SalaryCell.xib in Resources */ = {isa = PBXBuildFile; fileRef = 6E74DBDC2D10BE2900F0B84E /* SalaryCell.xib */; };
		6E74DBE02D10BE2900F0B84E /* dropdownCell.xib in Resources */ = {isa = PBXBuildFile; fileRef = 6E74DBDA2D10BE2900F0B84E /* dropdownCell.xib */; };
		6E74DBE12D10BE2900F0B84E /* AdvancedFilters.storyboard in Resources */ = {isa = PBXBuildFile; fileRef = 6E74DBD72D10BE2900F0B84E /* AdvancedFilters.storyboard */; };
		6E74DBE22D10BE2900F0B84E /* advancedFiltersViewController.swift in Sources */ = {isa = PBXBuildFile; fileRef = 6E74DBD82D10BE2900F0B84E /* advancedFiltersViewController.swift */; };
		6E74DBE32D10BE2900F0B84E /* SalaryInputCell.swift in Sources */ = {isa = PBXBuildFile; fileRef = 6E74DBDD2D10BE2900F0B84E /* SalaryInputCell.swift */; };
		6E74DBE42D10BE2900F0B84E /* dropdownCell.swift in Sources */ = {isa = PBXBuildFile; fileRef = 6E74DBD92D10BE2900F0B84E /* dropdownCell.swift */; };
		6E74DBE82D14423400F0B84E /* final models.swift in Sources */ = {isa = PBXBuildFile; fileRef = 6E74DBE72D14423300F0B84E /* final models.swift */; };
		6E74DBF62D149D0900F0B84E /* IndustryTypeViewController.swift in Sources */ = {isa = PBXBuildFile; fileRef = 6E74DBF32D149D0900F0B84E /* IndustryTypeViewController.swift */; };
		6E74DBF72D149D0900F0B84E /* EstimatedSalaryViewController.swift in Sources */ = {isa = PBXBuildFile; fileRef = 6E74DBF12D149D0900F0B84E /* EstimatedSalaryViewController.swift */; };
		6E74DBF82D149D0900F0B84E /* MyTableViewCell.swift in Sources */ = {isa = PBXBuildFile; fileRef = 6E74DBEE2D149D0900F0B84E /* MyTableViewCell.swift */; };
		6E74DBF92D149D0900F0B84E /* FinalEstimatedSalaryViewController.swift in Sources */ = {isa = PBXBuildFile; fileRef = 6E74DBF22D149D0900F0B84E /* FinalEstimatedSalaryViewController.swift */; };
		6E74DBFA2D149D0900F0B84E /* LocationViewController.swift in Sources */ = {isa = PBXBuildFile; fileRef = 6E74DBF42D149D0900F0B84E /* LocationViewController.swift */; };
		6E74DBFB2D149D0900F0B84E /* MyTableViewCell.xib in Resources */ = {isa = PBXBuildFile; fileRef = 6E74DBEF2D149D0900F0B84E /* MyTableViewCell.xib */; };
		6E74DBFD2D149E9A00F0B84E /* Salay estimator tool.storyboard in Resources */ = {isa = PBXBuildFile; fileRef = 6E74DBFC2D149E9A00F0B84E /* Salay estimator tool.storyboard */; };
		6E74DC012D14CBA900F0B84E /* CareerResource.storyboard in Resources */ = {isa = PBXBuildFile; fileRef = 6E74DC002D14CBA900F0B84E /* CareerResource.storyboard */; };
		6E74DC022D14CBA900F0B84E /* Assets.xcassets in Resources */ = {isa = PBXBuildFile; fileRef = 6E74DBFF2D14CBA900F0B84E /* Assets.xcassets */; };
		6E74DC042D14CC0700F0B84E /* ArticlesViewController.swift in Sources */ = {isa = PBXBuildFile; fileRef = 6E74DC032D14CC0700F0B84E /* ArticlesViewController.swift */; };
		6E74DC062D14CEE400F0B84E /* PerfectResumeViewController.swift in Sources */ = {isa = PBXBuildFile; fileRef = 6E74DC052D14CEE400F0B84E /* PerfectResumeViewController.swift */; };
		6E74DC082D14CF1500F0B84E /* VideosViewController.swift in Sources */ = {isa = PBXBuildFile; fileRef = 6E74DC072D14CF1500F0B84E /* VideosViewController.swift */; };
		6E74DC0C2D14CF5800F0B84E /* GuideDetailsViewController.swift in Sources */ = {isa = PBXBuildFile; fileRef = 6E74DC0B2D14CF5800F0B84E /* GuideDetailsViewController.swift */; };
		6E74DC0F2D14D50000F0B84E /* ArticleTableViewCell.xib in Resources */ = {isa = PBXBuildFile; fileRef = 6E74DC0E2D14D50000F0B84E /* ArticleTableViewCell.xib */; };
		6E74DC102D14D50000F0B84E /* ArticleTableViewCell.swift in Sources */ = {isa = PBXBuildFile; fileRef = 6E74DC0D2D14D50000F0B84E /* ArticleTableViewCell.swift */; };
		6E74DC132D15674B00F0B84E /* CareerResourceMainPageViewController.swift in Sources */ = {isa = PBXBuildFile; fileRef = 6E74DC122D15674B00F0B84E /* CareerResourceMainPageViewController.swift */; };
		6E74DC172D15848300F0B84E /* VideoCollectionViewCell.swift in Sources */ = {isa = PBXBuildFile; fileRef = 6E74DC162D15848300F0B84E /* VideoCollectionViewCell.swift */; };
		6E74DC192D158B0900F0B84E /* DetailedVideoViewController.swift in Sources */ = {isa = PBXBuildFile; fileRef = 6E74DC182D158B0900F0B84E /* DetailedVideoViewController.swift */; };
		6E74DC1B2D15D7CE00F0B84E /* WebinarViewController.swift in Sources */ = {isa = PBXBuildFile; fileRef = 6E74DC1A2D15D7CE00F0B84E /* WebinarViewController.swift */; };
		6E74DC1E2D15D80800F0B84E /* WebinarTableViewCell.xib in Resources */ = {isa = PBXBuildFile; fileRef = 6E74DC1D2D15D80800F0B84E /* WebinarTableViewCell.xib */; };
		6E74DC1F2D15D80800F0B84E /* WebinarTableViewCell.swift in Sources */ = {isa = PBXBuildFile; fileRef = 6E74DC1C2D15D80800F0B84E /* WebinarTableViewCell.swift */; };
		6EE720442D0F8A6100E2801B /* JobSeekerLoginPage.storyboard in Resources */ = {isa = PBXBuildFile; fileRef = 6EE720432D0F8A6100E2801B /* JobSeekerLoginPage.storyboard */; };
		6EE720482D0F906000E2801B /* JobSeekerHomepageViewController.swift in Sources */ = {isa = PBXBuildFile; fileRef = 6EE720472D0F906000E2801B /* JobSeekerHomepageViewController.swift */; };
		6EE7204B2D0F923A00E2801B /* TagCollectionViewCell.swift in Sources */ = {isa = PBXBuildFile; fileRef = 6EE720492D0F923A00E2801B /* TagCollectionViewCell.swift */; };
		6EE7204C2D0F923A00E2801B /* TagCollectionViewCell.xib in Resources */ = {isa = PBXBuildFile; fileRef = 6EE7204A2D0F923A00E2801B /* TagCollectionViewCell.xib */; };
		AC24357E2D05C1B700B21510 /* AppDelegate.swift in Sources */ = {isa = PBXBuildFile; fileRef = AC24357D2D05C1B700B21510 /* AppDelegate.swift */; };
		AC2435802D05C1B700B21510 /* SceneDelegate.swift in Sources */ = {isa = PBXBuildFile; fileRef = AC24357F2D05C1B700B21510 /* SceneDelegate.swift */; };
		AC2435822D05C1B700B21510 /* ViewController.swift in Sources */ = {isa = PBXBuildFile; fileRef = AC2435812D05C1B700B21510 /* ViewController.swift */; };
		AC2435852D05C1B700B21510 /* Main.storyboard in Resources */ = {isa = PBXBuildFile; fileRef = AC2435832D05C1B700B21510 /* Main.storyboard */; };
		AC2435872D05C1BA00B21510 /* Assets.xcassets in Resources */ = {isa = PBXBuildFile; fileRef = AC2435862D05C1BA00B21510 /* Assets.xcassets */; };
		AC24358A2D05C1BA00B21510 /* LaunchScreen.storyboard in Resources */ = {isa = PBXBuildFile; fileRef = AC2435882D05C1BA00B21510 /* LaunchScreen.storyboard */; };
		AC2435952D05C1BB00B21510 /* testfinalfinalTests.swift in Sources */ = {isa = PBXBuildFile; fileRef = AC2435942D05C1BB00B21510 /* testfinalfinalTests.swift */; };
		AC24359F2D05C1BB00B21510 /* testfinalfinalUITests.swift in Sources */ = {isa = PBXBuildFile; fileRef = AC24359E2D05C1BB00B21510 /* testfinalfinalUITests.swift */; };
		AC2435A12D05C1BB00B21510 /* testfinalfinalUITestsLaunchTests.swift in Sources */ = {isa = PBXBuildFile; fileRef = AC2435A02D05C1BB00B21510 /* testfinalfinalUITestsLaunchTests.swift */; };
/* End PBXBuildFile section */

/* Begin PBXContainerItemProxy section */
		AC2435912D05C1BB00B21510 /* PBXContainerItemProxy */ = {
			isa = PBXContainerItemProxy;
			containerPortal = AC2435722D05C1B700B21510 /* Project object */;
			proxyType = 1;
			remoteGlobalIDString = AC2435792D05C1B700B21510;
			remoteInfo = testfinalfinal;
		};
		AC24359B2D05C1BB00B21510 /* PBXContainerItemProxy */ = {
			isa = PBXContainerItemProxy;
			containerPortal = AC2435722D05C1B700B21510 /* Project object */;
			proxyType = 1;
			remoteGlobalIDString = AC2435792D05C1B700B21510;
			remoteInfo = testfinalfinal;
		};
/* End PBXContainerItemProxy section */

/* Begin PBXFileReference section */
		6E74DBCA2D0F99F200F0B84E /* JobListingCardTableViewCell.swift */ = {isa = PBXFileReference; lastKnownFileType = sourcecode.swift; path = JobListingCardTableViewCell.swift; sourceTree = "<group>"; };
		6E74DBCB2D0F99F200F0B84E /* JobListingCardTableViewCell.xib */ = {isa = PBXFileReference; lastKnownFileType = file.xib; path = JobListingCardTableViewCell.xib; sourceTree = "<group>"; };
		6E74DBCE2D0FA1BF00F0B84E /* Models.swift */ = {isa = PBXFileReference; lastKnownFileType = sourcecode.swift; path = Models.swift; sourceTree = "<group>"; };
		6E74DBD12D10274D00F0B84E /* test.storyboard */ = {isa = PBXFileReference; lastKnownFileType = file.storyboard; path = test.storyboard; sourceTree = "<group>"; };
		6E74DBD32D10276300F0B84E /* test.swift */ = {isa = PBXFileReference; lastKnownFileType = sourcecode.swift; path = test.swift; sourceTree = "<group>"; };
		6E74DBD72D10BE2900F0B84E /* AdvancedFilters.storyboard */ = {isa = PBXFileReference; lastKnownFileType = file.storyboard; path = AdvancedFilters.storyboard; sourceTree = "<group>"; };
		6E74DBD82D10BE2900F0B84E /* advancedFiltersViewController.swift */ = {isa = PBXFileReference; lastKnownFileType = sourcecode.swift; path = advancedFiltersViewController.swift; sourceTree = "<group>"; };
		6E74DBD92D10BE2900F0B84E /* dropdownCell.swift */ = {isa = PBXFileReference; lastKnownFileType = sourcecode.swift; path = dropdownCell.swift; sourceTree = "<group>"; };
		6E74DBDA2D10BE2900F0B84E /* dropdownCell.xib */ = {isa = PBXFileReference; lastKnownFileType = file.xib; path = dropdownCell.xib; sourceTree = "<group>"; };
		6E74DBDC2D10BE2900F0B84E /* SalaryCell.xib */ = {isa = PBXFileReference; lastKnownFileType = file.xib; path = SalaryCell.xib; sourceTree = "<group>"; };
		6E74DBDD2D10BE2900F0B84E /* SalaryInputCell.swift */ = {isa = PBXFileReference; lastKnownFileType = sourcecode.swift; path = SalaryInputCell.swift; sourceTree = "<group>"; };
		6E74DBE72D14423300F0B84E /* final models.swift */ = {isa = PBXFileReference; lastKnownFileType = sourcecode.swift; path = "final models.swift"; sourceTree = "<group>"; };
		6E74DBEE2D149D0900F0B84E /* MyTableViewCell.swift */ = {isa = PBXFileReference; lastKnownFileType = sourcecode.swift; path = MyTableViewCell.swift; sourceTree = "<group>"; };
		6E74DBEF2D149D0900F0B84E /* MyTableViewCell.xib */ = {isa = PBXFileReference; lastKnownFileType = file.xib; path = MyTableViewCell.xib; sourceTree = "<group>"; };
		6E74DBF12D149D0900F0B84E /* EstimatedSalaryViewController.swift */ = {isa = PBXFileReference; lastKnownFileType = sourcecode.swift; path = EstimatedSalaryViewController.swift; sourceTree = "<group>"; };
		6E74DBF22D149D0900F0B84E /* FinalEstimatedSalaryViewController.swift */ = {isa = PBXFileReference; lastKnownFileType = sourcecode.swift; path = FinalEstimatedSalaryViewController.swift; sourceTree = "<group>"; };
		6E74DBF32D149D0900F0B84E /* IndustryTypeViewController.swift */ = {isa = PBXFileReference; lastKnownFileType = sourcecode.swift; path = IndustryTypeViewController.swift; sourceTree = "<group>"; };
		6E74DBF42D149D0900F0B84E /* LocationViewController.swift */ = {isa = PBXFileReference; lastKnownFileType = sourcecode.swift; path = LocationViewController.swift; sourceTree = "<group>"; };
		6E74DBFC2D149E9A00F0B84E /* Salay estimator tool.storyboard */ = {isa = PBXFileReference; lastKnownFileType = file.storyboard; path = "Salay estimator tool.storyboard"; sourceTree = "<group>"; };
		6E74DBFF2D14CBA900F0B84E /* Assets.xcassets */ = {isa = PBXFileReference; lastKnownFileType = folder.assetcatalog; path = Assets.xcassets; sourceTree = "<group>"; };
		6E74DC002D14CBA900F0B84E /* CareerResource.storyboard */ = {isa = PBXFileReference; lastKnownFileType = file.storyboard; path = CareerResource.storyboard; sourceTree = "<group>"; };
		6E74DC032D14CC0700F0B84E /* ArticlesViewController.swift */ = {isa = PBXFileReference; lastKnownFileType = sourcecode.swift; path = ArticlesViewController.swift; sourceTree = "<group>"; };
		6E74DC052D14CEE400F0B84E /* PerfectResumeViewController.swift */ = {isa = PBXFileReference; lastKnownFileType = sourcecode.swift; path = PerfectResumeViewController.swift; sourceTree = "<group>"; };
		6E74DC072D14CF1500F0B84E /* VideosViewController.swift */ = {isa = PBXFileReference; lastKnownFileType = sourcecode.swift; path = VideosViewController.swift; sourceTree = "<group>"; };
		6E74DC0B2D14CF5800F0B84E /* GuideDetailsViewController.swift */ = {isa = PBXFileReference; lastKnownFileType = sourcecode.swift; path = GuideDetailsViewController.swift; sourceTree = "<group>"; };
		6E74DC0D2D14D50000F0B84E /* ArticleTableViewCell.swift */ = {isa = PBXFileReference; lastKnownFileType = sourcecode.swift; path = ArticleTableViewCell.swift; sourceTree = "<group>"; };
		6E74DC0E2D14D50000F0B84E /* ArticleTableViewCell.xib */ = {isa = PBXFileReference; lastKnownFileType = file.xib; path = ArticleTableViewCell.xib; sourceTree = "<group>"; };
		6E74DC122D15674B00F0B84E /* CareerResourceMainPageViewController.swift */ = {isa = PBXFileReference; lastKnownFileType = sourcecode.swift; path = CareerResourceMainPageViewController.swift; sourceTree = "<group>"; };
		6E74DC162D15848300F0B84E /* VideoCollectionViewCell.swift */ = {isa = PBXFileReference; lastKnownFileType = sourcecode.swift; path = VideoCollectionViewCell.swift; sourceTree = "<group>"; };
		6E74DC182D158B0900F0B84E /* DetailedVideoViewController.swift */ = {isa = PBXFileReference; lastKnownFileType = sourcecode.swift; path = DetailedVideoViewController.swift; sourceTree = "<group>"; };
		6E74DC1A2D15D7CE00F0B84E /* WebinarViewController.swift */ = {isa = PBXFileReference; lastKnownFileType = sourcecode.swift; path = WebinarViewController.swift; sourceTree = "<group>"; };
		6E74DC1C2D15D80800F0B84E /* WebinarTableViewCell.swift */ = {isa = PBXFileReference; lastKnownFileType = sourcecode.swift; path = WebinarTableViewCell.swift; sourceTree = "<group>"; };
		6E74DC1D2D15D80800F0B84E /* WebinarTableViewCell.xib */ = {isa = PBXFileReference; lastKnownFileType = file.xib; path = WebinarTableViewCell.xib; sourceTree = "<group>"; };
		6EE720432D0F8A6100E2801B /* JobSeekerLoginPage.storyboard */ = {isa = PBXFileReference; lastKnownFileType = file.storyboard; path = JobSeekerLoginPage.storyboard; sourceTree = "<group>"; };
		6EE720472D0F906000E2801B /* JobSeekerHomepageViewController.swift */ = {isa = PBXFileReference; lastKnownFileType = sourcecode.swift; path = JobSeekerHomepageViewController.swift; sourceTree = "<group>"; };
		6EE720492D0F923A00E2801B /* TagCollectionViewCell.swift */ = {isa = PBXFileReference; lastKnownFileType = sourcecode.swift; path = TagCollectionViewCell.swift; sourceTree = "<group>"; };
		6EE7204A2D0F923A00E2801B /* TagCollectionViewCell.xib */ = {isa = PBXFileReference; lastKnownFileType = file.xib; path = TagCollectionViewCell.xib; sourceTree = "<group>"; };
		AC24357A2D05C1B700B21510 /* testfinalfinal.app */ = {isa = PBXFileReference; explicitFileType = wrapper.application; includeInIndex = 0; path = testfinalfinal.app; sourceTree = BUILT_PRODUCTS_DIR; };
		AC24357D2D05C1B700B21510 /* AppDelegate.swift */ = {isa = PBXFileReference; lastKnownFileType = sourcecode.swift; path = AppDelegate.swift; sourceTree = "<group>"; };
		AC24357F2D05C1B700B21510 /* SceneDelegate.swift */ = {isa = PBXFileReference; lastKnownFileType = sourcecode.swift; path = SceneDelegate.swift; sourceTree = "<group>"; };
		AC2435812D05C1B700B21510 /* ViewController.swift */ = {isa = PBXFileReference; lastKnownFileType = sourcecode.swift; path = ViewController.swift; sourceTree = "<group>"; };
		AC2435842D05C1B700B21510 /* Base */ = {isa = PBXFileReference; lastKnownFileType = file.storyboard; name = Base; path = Base.lproj/Main.storyboard; sourceTree = "<group>"; };
		AC2435862D05C1BA00B21510 /* Assets.xcassets */ = {isa = PBXFileReference; lastKnownFileType = folder.assetcatalog; path = Assets.xcassets; sourceTree = "<group>"; };
		AC2435892D05C1BA00B21510 /* Base */ = {isa = PBXFileReference; lastKnownFileType = file.storyboard; name = Base; path = Base.lproj/LaunchScreen.storyboard; sourceTree = "<group>"; };
		AC24358B2D05C1BA00B21510 /* Info.plist */ = {isa = PBXFileReference; lastKnownFileType = text.plist.xml; path = Info.plist; sourceTree = "<group>"; };
		AC2435902D05C1BB00B21510 /* testfinalfinalTests.xctest */ = {isa = PBXFileReference; explicitFileType = wrapper.cfbundle; includeInIndex = 0; path = testfinalfinalTests.xctest; sourceTree = BUILT_PRODUCTS_DIR; };
		AC2435942D05C1BB00B21510 /* testfinalfinalTests.swift */ = {isa = PBXFileReference; lastKnownFileType = sourcecode.swift; path = testfinalfinalTests.swift; sourceTree = "<group>"; };
		AC24359A2D05C1BB00B21510 /* testfinalfinalUITests.xctest */ = {isa = PBXFileReference; explicitFileType = wrapper.cfbundle; includeInIndex = 0; path = testfinalfinalUITests.xctest; sourceTree = BUILT_PRODUCTS_DIR; };
		AC24359E2D05C1BB00B21510 /* testfinalfinalUITests.swift */ = {isa = PBXFileReference; lastKnownFileType = sourcecode.swift; path = testfinalfinalUITests.swift; sourceTree = "<group>"; };
		AC2435A02D05C1BB00B21510 /* testfinalfinalUITestsLaunchTests.swift */ = {isa = PBXFileReference; lastKnownFileType = sourcecode.swift; path = testfinalfinalUITestsLaunchTests.swift; sourceTree = "<group>"; };
/* End PBXFileReference section */

/* Begin PBXFrameworksBuildPhase section */
		AC2435772D05C1B700B21510 /* Frameworks */ = {
			isa = PBXFrameworksBuildPhase;
			buildActionMask = 2147483647;
			files = (
			);
			runOnlyForDeploymentPostprocessing = 0;
		};
		AC24358D2D05C1BB00B21510 /* Frameworks */ = {
			isa = PBXFrameworksBuildPhase;
			buildActionMask = 2147483647;
			files = (
			);
			runOnlyForDeploymentPostprocessing = 0;
		};
		AC2435972D05C1BB00B21510 /* Frameworks */ = {
			isa = PBXFrameworksBuildPhase;
			buildActionMask = 2147483647;
			files = (
			);
			runOnlyForDeploymentPostprocessing = 0;
		};
/* End PBXFrameworksBuildPhase section */

/* Begin PBXGroup section */
		057AF8BD2D11D5F100C48872 /* cell12 */ = {
			isa = PBXGroup;
			children = (
			);
			path = cell12;
			sourceTree = "<group>";
		};
		6E74DBD02D10272F00F0B84E /* Employer Home page */ = {
			isa = PBXGroup;
			children = (
				057AF8BD2D11D5F100C48872 /* cell12 */,
				6E74DBD32D10276300F0B84E /* test.swift */,
				6E74DBD12D10274D00F0B84E /* test.storyboard */,
			);
			path = "Employer Home page";
			sourceTree = "<group>";
		};
		6E74DBD52D1027A800F0B84E /* Job listing view cell */ = {
			isa = PBXGroup;
			children = (
				6E74DBCA2D0F99F200F0B84E /* JobListingCardTableViewCell.swift */,
				6E74DBCB2D0F99F200F0B84E /* JobListingCardTableViewCell.xib */,
			);
			path = "Job listing view cell";
			sourceTree = "<group>";
		};
		6E74DBDE2D10BE2900F0B84E /* Abood FIles */ = {
			isa = PBXGroup;
			children = (
				6E74DBE62D10C01B00F0B84E /* Advanced Filters Cells */,
				6E74DBD72D10BE2900F0B84E /* AdvancedFilters.storyboard */,
				6E74DBD82D10BE2900F0B84E /* advancedFiltersViewController.swift */,
			);
			path = "Abood FIles";
			sourceTree = "<group>";
		};
		6E74DBE62D10C01B00F0B84E /* Advanced Filters Cells */ = {
			isa = PBXGroup;
			children = (
				6E74DBD92D10BE2900F0B84E /* dropdownCell.swift */,
				6E74DBDA2D10BE2900F0B84E /* dropdownCell.xib */,
				6E74DBDC2D10BE2900F0B84E /* SalaryCell.xib */,
				6E74DBDD2D10BE2900F0B84E /* SalaryInputCell.swift */,
			);
			path = "Advanced Filters Cells";
			sourceTree = "<group>";
		};
		6E74DBF02D149D0900F0B84E /* estimated Salary Cells */ = {
			isa = PBXGroup;
			children = (
				6E74DBEE2D149D0900F0B84E /* MyTableViewCell.swift */,
				6E74DBEF2D149D0900F0B84E /* MyTableViewCell.xib */,
			);
			path = "estimated Salary Cells";
			sourceTree = "<group>";
		};
		6E74DBF52D149D0900F0B84E /* Salary Estimator  */ = {
			isa = PBXGroup;
			children = (
				6E74DBFC2D149E9A00F0B84E /* Salay estimator tool.storyboard */,
				6E74DBF02D149D0900F0B84E /* estimated Salary Cells */,
				6E74DBF12D149D0900F0B84E /* EstimatedSalaryViewController.swift */,
				6E74DBF22D149D0900F0B84E /* FinalEstimatedSalaryViewController.swift */,
				6E74DBF32D149D0900F0B84E /* IndustryTypeViewController.swift */,
				6E74DBF42D149D0900F0B84E /* LocationViewController.swift */,
			);
			path = "Salary Estimator ";
			sourceTree = "<group>";
		};
		6E74DBFE2D14CB9100F0B84E /* Career Resources */ = {
			isa = PBXGroup;
			children = (
				6E74DBFF2D14CBA900F0B84E /* Assets.xcassets */,
				6E74DC002D14CBA900F0B84E /* CareerResource.storyboard */,
				6E74DC112D14D50F00F0B84E /* Article view cell */,
				6E74DC202D15D80F00F0B84E /* Webinar view cell */,
				6E74DC122D15674B00F0B84E /* CareerResourceMainPageViewController.swift */,
				6E74DC032D14CC0700F0B84E /* ArticlesViewController.swift */,
				6E74DC182D158B0900F0B84E /* DetailedVideoViewController.swift */,
				6E74DC162D15848300F0B84E /* VideoCollectionViewCell.swift */,
				6E74DC1A2D15D7CE00F0B84E /* WebinarViewController.swift */,
				6E74DC0B2D14CF5800F0B84E /* GuideDetailsViewController.swift */,
				6E74DC052D14CEE400F0B84E /* PerfectResumeViewController.swift */,
				6E74DC072D14CF1500F0B84E /* VideosViewController.swift */,
			);
			path = "Career Resources";
			sourceTree = "<group>";
		};
		6E74DC112D14D50F00F0B84E /* Article view cell */ = {
			isa = PBXGroup;
			children = (
				6E74DC0D2D14D50000F0B84E /* ArticleTableViewCell.swift */,
				6E74DC0E2D14D50000F0B84E /* ArticleTableViewCell.xib */,
			);
			path = "Article view cell";
			sourceTree = "<group>";
		};
		6E74DC202D15D80F00F0B84E /* Webinar view cell */ = {
			isa = PBXGroup;
			children = (
				6E74DC1C2D15D80800F0B84E /* WebinarTableViewCell.swift */,
				6E74DC1D2D15D80800F0B84E /* WebinarTableViewCell.xib */,
			);
			path = "Webinar view cell";
			sourceTree = "<group>";
		};
		AC2435712D05C1B700B21510 = {
			isa = PBXGroup;
			children = (
				6E74DBFE2D14CB9100F0B84E /* Career Resources */,
				6E74DBF52D149D0900F0B84E /* Salary Estimator  */,
				6E74DBDE2D10BE2900F0B84E /* Abood FIles */,
				AC24357C2D05C1B700B21510 /* testfinalfinal */,
				AC2435932D05C1BB00B21510 /* testfinalfinalTests */,
				AC24359D2D05C1BB00B21510 /* testfinalfinalUITests */,
				AC24357B2D05C1B700B21510 /* Products */,
			);
			sourceTree = "<group>";
		};
		AC24357B2D05C1B700B21510 /* Products */ = {
			isa = PBXGroup;
			children = (
				AC24357A2D05C1B700B21510 /* testfinalfinal.app */,
				AC2435902D05C1BB00B21510 /* testfinalfinalTests.xctest */,
				AC24359A2D05C1BB00B21510 /* testfinalfinalUITests.xctest */,
			);
			name = Products;
			sourceTree = "<group>";
		};
		AC24357C2D05C1B700B21510 /* testfinalfinal */ = {
			isa = PBXGroup;
			children = (
				6E74DBD52D1027A800F0B84E /* Job listing view cell */,
				6E74DBD02D10272F00F0B84E /* Employer Home page */,
				AC24357D2D05C1B700B21510 /* AppDelegate.swift */,
				AC24357F2D05C1B700B21510 /* SceneDelegate.swift */,
				AC2435812D05C1B700B21510 /* ViewController.swift */,
				AC2435832D05C1B700B21510 /* Main.storyboard */,
				6EE720432D0F8A6100E2801B /* JobSeekerLoginPage.storyboard */,
				6EE720472D0F906000E2801B /* JobSeekerHomepageViewController.swift */,
				6E74DBE72D14423300F0B84E /* final models.swift */,
				6E74DBCE2D0FA1BF00F0B84E /* Models.swift */,
				6EE720492D0F923A00E2801B /* TagCollectionViewCell.swift */,
				6EE7204A2D0F923A00E2801B /* TagCollectionViewCell.xib */,
				AC2435862D05C1BA00B21510 /* Assets.xcassets */,
				AC2435882D05C1BA00B21510 /* LaunchScreen.storyboard */,
				AC24358B2D05C1BA00B21510 /* Info.plist */,
			);
			path = testfinalfinal;
			sourceTree = "<group>";
		};
		AC2435932D05C1BB00B21510 /* testfinalfinalTests */ = {
			isa = PBXGroup;
			children = (
				AC2435942D05C1BB00B21510 /* testfinalfinalTests.swift */,
			);
			path = testfinalfinalTests;
			sourceTree = "<group>";
		};
		AC24359D2D05C1BB00B21510 /* testfinalfinalUITests */ = {
			isa = PBXGroup;
			children = (
				AC24359E2D05C1BB00B21510 /* testfinalfinalUITests.swift */,
				AC2435A02D05C1BB00B21510 /* testfinalfinalUITestsLaunchTests.swift */,
			);
			path = testfinalfinalUITests;
			sourceTree = "<group>";
		};
/* End PBXGroup section */

/* Begin PBXNativeTarget section */
		AC2435792D05C1B700B21510 /* testfinalfinal */ = {
			isa = PBXNativeTarget;
			buildConfigurationList = AC2435A42D05C1BB00B21510 /* Build configuration list for PBXNativeTarget "testfinalfinal" */;
			buildPhases = (
				AC2435762D05C1B700B21510 /* Sources */,
				AC2435772D05C1B700B21510 /* Frameworks */,
				AC2435782D05C1B700B21510 /* Resources */,
			);
			buildRules = (
			);
			dependencies = (
			);
			name = testfinalfinal;
			productName = testfinalfinal;
			productReference = AC24357A2D05C1B700B21510 /* testfinalfinal.app */;
			productType = "com.apple.product-type.application";
		};
		AC24358F2D05C1BB00B21510 /* testfinalfinalTests */ = {
			isa = PBXNativeTarget;
			buildConfigurationList = AC2435A72D05C1BB00B21510 /* Build configuration list for PBXNativeTarget "testfinalfinalTests" */;
			buildPhases = (
				AC24358C2D05C1BB00B21510 /* Sources */,
				AC24358D2D05C1BB00B21510 /* Frameworks */,
				AC24358E2D05C1BB00B21510 /* Resources */,
			);
			buildRules = (
			);
			dependencies = (
				AC2435922D05C1BB00B21510 /* PBXTargetDependency */,
			);
			name = testfinalfinalTests;
			productName = testfinalfinalTests;
			productReference = AC2435902D05C1BB00B21510 /* testfinalfinalTests.xctest */;
			productType = "com.apple.product-type.bundle.unit-test";
		};
		AC2435992D05C1BB00B21510 /* testfinalfinalUITests */ = {
			isa = PBXNativeTarget;
			buildConfigurationList = AC2435AA2D05C1BB00B21510 /* Build configuration list for PBXNativeTarget "testfinalfinalUITests" */;
			buildPhases = (
				AC2435962D05C1BB00B21510 /* Sources */,
				AC2435972D05C1BB00B21510 /* Frameworks */,
				AC2435982D05C1BB00B21510 /* Resources */,
			);
			buildRules = (
			);
			dependencies = (
				AC24359C2D05C1BB00B21510 /* PBXTargetDependency */,
			);
			name = testfinalfinalUITests;
			productName = testfinalfinalUITests;
			productReference = AC24359A2D05C1BB00B21510 /* testfinalfinalUITests.xctest */;
			productType = "com.apple.product-type.bundle.ui-testing";
		};
/* End PBXNativeTarget section */

/* Begin PBXProject section */
		AC2435722D05C1B700B21510 /* Project object */ = {
			isa = PBXProject;
			attributes = {
				BuildIndependentTargetsInParallel = 1;
				LastSwiftUpdateCheck = 1520;
				LastUpgradeCheck = 1520;
				TargetAttributes = {
					AC2435792D05C1B700B21510 = {
						CreatedOnToolsVersion = 15.2;
					};
					AC24358F2D05C1BB00B21510 = {
						CreatedOnToolsVersion = 15.2;
						TestTargetID = AC2435792D05C1B700B21510;
					};
					AC2435992D05C1BB00B21510 = {
						CreatedOnToolsVersion = 15.2;
						TestTargetID = AC2435792D05C1B700B21510;
					};
				};
			};
			buildConfigurationList = AC2435752D05C1B700B21510 /* Build configuration list for PBXProject "testfinalfinal" */;
			compatibilityVersion = "Xcode 14.0";
			developmentRegion = en;
			hasScannedForEncodings = 0;
			knownRegions = (
				en,
				Base,
			);
			mainGroup = AC2435712D05C1B700B21510;
			productRefGroup = AC24357B2D05C1B700B21510 /* Products */;
			projectDirPath = "";
			projectRoot = "";
			targets = (
				AC2435792D05C1B700B21510 /* testfinalfinal */,
				AC24358F2D05C1BB00B21510 /* testfinalfinalTests */,
				AC2435992D05C1BB00B21510 /* testfinalfinalUITests */,
			);
		};
/* End PBXProject section */

/* Begin PBXResourcesBuildPhase section */
		AC2435782D05C1B700B21510 /* Resources */ = {
			isa = PBXResourcesBuildPhase;
			buildActionMask = 2147483647;
			files = (
				6EE720442D0F8A6100E2801B /* JobSeekerLoginPage.storyboard in Resources */,
				6E74DBDF2D10BE2900F0B84E /* SalaryCell.xib in Resources */,
				6E74DBFD2D149E9A00F0B84E /* Salay estimator tool.storyboard in Resources */,
				6E74DBE02D10BE2900F0B84E /* dropdownCell.xib in Resources */,
				6E74DC1E2D15D80800F0B84E /* WebinarTableViewCell.xib in Resources */,
				6E74DC012D14CBA900F0B84E /* CareerResource.storyboard in Resources */,
				6E74DC022D14CBA900F0B84E /* Assets.xcassets in Resources */,
				6E74DBE12D10BE2900F0B84E /* AdvancedFilters.storyboard in Resources */,
				6EE7204C2D0F923A00E2801B /* TagCollectionViewCell.xib in Resources */,
				6E74DBCC2D0F99F200F0B84E /* JobListingCardTableViewCell.xib in Resources */,
				6E74DBFB2D149D0900F0B84E /* MyTableViewCell.xib in Resources */,
				6E74DC0F2D14D50000F0B84E /* ArticleTableViewCell.xib in Resources */,
				AC24358A2D05C1BA00B21510 /* LaunchScreen.storyboard in Resources */,
				6E74DBD22D10274D00F0B84E /* test.storyboard in Resources */,
				AC2435872D05C1BA00B21510 /* Assets.xcassets in Resources */,
				AC2435852D05C1B700B21510 /* Main.storyboard in Resources */,
			);
			runOnlyForDeploymentPostprocessing = 0;
		};
		AC24358E2D05C1BB00B21510 /* Resources */ = {
			isa = PBXResourcesBuildPhase;
			buildActionMask = 2147483647;
			files = (
			);
			runOnlyForDeploymentPostprocessing = 0;
		};
		AC2435982D05C1BB00B21510 /* Resources */ = {
			isa = PBXResourcesBuildPhase;
			buildActionMask = 2147483647;
			files = (
			);
			runOnlyForDeploymentPostprocessing = 0;
		};
/* End PBXResourcesBuildPhase section */

/* Begin PBXSourcesBuildPhase section */
		AC2435762D05C1B700B21510 /* Sources */ = {
			isa = PBXSourcesBuildPhase;
			buildActionMask = 2147483647;
			files = (
				6EE720482D0F906000E2801B /* JobSeekerHomepageViewController.swift in Sources */,
				6E74DC1B2D15D7CE00F0B84E /* WebinarViewController.swift in Sources */,
				6EE7204B2D0F923A00E2801B /* TagCollectionViewCell.swift in Sources */,
				AC2435822D05C1B700B21510 /* ViewController.swift in Sources */,
				6E74DC042D14CC0700F0B84E /* ArticlesViewController.swift in Sources */,
				AC24357E2D05C1B700B21510 /* AppDelegate.swift in Sources */,
				6E74DBE22D10BE2900F0B84E /* advancedFiltersViewController.swift in Sources */,
				6E74DC172D15848300F0B84E /* VideoCollectionViewCell.swift in Sources */,
				6E74DBF62D149D0900F0B84E /* IndustryTypeViewController.swift in Sources */,
				6E74DBF72D149D0900F0B84E /* EstimatedSalaryViewController.swift in Sources */,
				6E74DC192D158B0900F0B84E /* DetailedVideoViewController.swift in Sources */,
				6E74DC102D14D50000F0B84E /* ArticleTableViewCell.swift in Sources */,
				6E74DBF82D149D0900F0B84E /* MyTableViewCell.swift in Sources */,
				6E74DBF92D149D0900F0B84E /* FinalEstimatedSalaryViewController.swift in Sources */,
				6E74DC082D14CF1500F0B84E /* VideosViewController.swift in Sources */,
				6E74DBFA2D149D0900F0B84E /* LocationViewController.swift in Sources */,
				6E74DC1F2D15D80800F0B84E /* WebinarTableViewCell.swift in Sources */,
				6E74DBE32D10BE2900F0B84E /* SalaryInputCell.swift in Sources */,
				6E74DBE42D10BE2900F0B84E /* dropdownCell.swift in Sources */,
				6E74DC132D15674B00F0B84E /* CareerResourceMainPageViewController.swift in Sources */,
				6E74DBE82D14423400F0B84E /* final models.swift in Sources */,
				6E74DBCD2D0F99F200F0B84E /* JobListingCardTableViewCell.swift in Sources */,
				AC2435802D05C1B700B21510 /* SceneDelegate.swift in Sources */,
				6E74DBCF2D0FA1BF00F0B84E /* Models.swift in Sources */,
				6E74DC062D14CEE400F0B84E /* PerfectResumeViewController.swift in Sources */,
				6E74DC0C2D14CF5800F0B84E /* GuideDetailsViewController.swift in Sources */,
				6E74DBD42D10276300F0B84E /* test.swift in Sources */,
			);
			runOnlyForDeploymentPostprocessing = 0;
		};
		AC24358C2D05C1BB00B21510 /* Sources */ = {
			isa = PBXSourcesBuildPhase;
			buildActionMask = 2147483647;
			files = (
				AC2435952D05C1BB00B21510 /* testfinalfinalTests.swift in Sources */,
			);
			runOnlyForDeploymentPostprocessing = 0;
		};
		AC2435962D05C1BB00B21510 /* Sources */ = {
			isa = PBXSourcesBuildPhase;
			buildActionMask = 2147483647;
			files = (
				AC2435A12D05C1BB00B21510 /* testfinalfinalUITestsLaunchTests.swift in Sources */,
				AC24359F2D05C1BB00B21510 /* testfinalfinalUITests.swift in Sources */,
			);
			runOnlyForDeploymentPostprocessing = 0;
		};
/* End PBXSourcesBuildPhase section */

/* Begin PBXTargetDependency section */
		AC2435922D05C1BB00B21510 /* PBXTargetDependency */ = {
			isa = PBXTargetDependency;
			target = AC2435792D05C1B700B21510 /* testfinalfinal */;
			targetProxy = AC2435912D05C1BB00B21510 /* PBXContainerItemProxy */;
		};
		AC24359C2D05C1BB00B21510 /* PBXTargetDependency */ = {
			isa = PBXTargetDependency;
			target = AC2435792D05C1B700B21510 /* testfinalfinal */;
			targetProxy = AC24359B2D05C1BB00B21510 /* PBXContainerItemProxy */;
		};
/* End PBXTargetDependency section */

/* Begin PBXVariantGroup section */
		AC2435832D05C1B700B21510 /* Main.storyboard */ = {
			isa = PBXVariantGroup;
			children = (
				AC2435842D05C1B700B21510 /* Base */,
			);
			name = Main.storyboard;
			sourceTree = "<group>";
		};
		AC2435882D05C1BA00B21510 /* LaunchScreen.storyboard */ = {
			isa = PBXVariantGroup;
			children = (
				AC2435892D05C1BA00B21510 /* Base */,
			);
			name = LaunchScreen.storyboard;
			sourceTree = "<group>";
		};
/* End PBXVariantGroup section */

/* Begin XCBuildConfiguration section */
		AC2435A22D05C1BB00B21510 /* Debug */ = {
			isa = XCBuildConfiguration;
			buildSettings = {
				ALWAYS_SEARCH_USER_PATHS = NO;
				ASSETCATALOG_COMPILER_GENERATE_SWIFT_ASSET_SYMBOL_EXTENSIONS = YES;
				CLANG_ANALYZER_NONNULL = YES;
				CLANG_ANALYZER_NUMBER_OBJECT_CONVERSION = YES_AGGRESSIVE;
				CLANG_CXX_LANGUAGE_STANDARD = "gnu++20";
				CLANG_ENABLE_MODULES = YES;
				CLANG_ENABLE_OBJC_ARC = YES;
				CLANG_ENABLE_OBJC_WEAK = YES;
				CLANG_WARN_BLOCK_CAPTURE_AUTORELEASING = YES;
				CLANG_WARN_BOOL_CONVERSION = YES;
				CLANG_WARN_COMMA = YES;
				CLANG_WARN_CONSTANT_CONVERSION = YES;
				CLANG_WARN_DEPRECATED_OBJC_IMPLEMENTATIONS = YES;
				CLANG_WARN_DIRECT_OBJC_ISA_USAGE = YES_ERROR;
				CLANG_WARN_DOCUMENTATION_COMMENTS = YES;
				CLANG_WARN_EMPTY_BODY = YES;
				CLANG_WARN_ENUM_CONVERSION = YES;
				CLANG_WARN_INFINITE_RECURSION = YES;
				CLANG_WARN_INT_CONVERSION = YES;
				CLANG_WARN_NON_LITERAL_NULL_CONVERSION = YES;
				CLANG_WARN_OBJC_IMPLICIT_RETAIN_SELF = YES;
				CLANG_WARN_OBJC_LITERAL_CONVERSION = YES;
				CLANG_WARN_OBJC_ROOT_CLASS = YES_ERROR;
				CLANG_WARN_QUOTED_INCLUDE_IN_FRAMEWORK_HEADER = YES;
				CLANG_WARN_RANGE_LOOP_ANALYSIS = YES;
				CLANG_WARN_STRICT_PROTOTYPES = YES;
				CLANG_WARN_SUSPICIOUS_MOVE = YES;
				CLANG_WARN_UNGUARDED_AVAILABILITY = YES_AGGRESSIVE;
				CLANG_WARN_UNREACHABLE_CODE = YES;
				CLANG_WARN__DUPLICATE_METHOD_MATCH = YES;
				COPY_PHASE_STRIP = NO;
				DEBUG_INFORMATION_FORMAT = dwarf;
				ENABLE_STRICT_OBJC_MSGSEND = YES;
				ENABLE_TESTABILITY = YES;
				ENABLE_USER_SCRIPT_SANDBOXING = YES;
				GCC_C_LANGUAGE_STANDARD = gnu17;
				GCC_DYNAMIC_NO_PIC = NO;
				GCC_NO_COMMON_BLOCKS = YES;
				GCC_OPTIMIZATION_LEVEL = 0;
				GCC_PREPROCESSOR_DEFINITIONS = (
					"DEBUG=1",
					"$(inherited)",
				);
				GCC_WARN_64_TO_32_BIT_CONVERSION = YES;
				GCC_WARN_ABOUT_RETURN_TYPE = YES_ERROR;
				GCC_WARN_UNDECLARED_SELECTOR = YES;
				GCC_WARN_UNINITIALIZED_AUTOS = YES_AGGRESSIVE;
				GCC_WARN_UNUSED_FUNCTION = YES;
				GCC_WARN_UNUSED_VARIABLE = YES;
				IPHONEOS_DEPLOYMENT_TARGET = 17.2;
				LOCALIZATION_PREFERS_STRING_CATALOGS = YES;
				MTL_ENABLE_DEBUG_INFO = INCLUDE_SOURCE;
				MTL_FAST_MATH = YES;
				ONLY_ACTIVE_ARCH = YES;
				SDKROOT = iphoneos;
				SWIFT_ACTIVE_COMPILATION_CONDITIONS = "DEBUG $(inherited)";
				SWIFT_OPTIMIZATION_LEVEL = "-Onone";
			};
			name = Debug;
		};
		AC2435A32D05C1BB00B21510 /* Release */ = {
			isa = XCBuildConfiguration;
			buildSettings = {
				ALWAYS_SEARCH_USER_PATHS = NO;
				ASSETCATALOG_COMPILER_GENERATE_SWIFT_ASSET_SYMBOL_EXTENSIONS = YES;
				CLANG_ANALYZER_NONNULL = YES;
				CLANG_ANALYZER_NUMBER_OBJECT_CONVERSION = YES_AGGRESSIVE;
				CLANG_CXX_LANGUAGE_STANDARD = "gnu++20";
				CLANG_ENABLE_MODULES = YES;
				CLANG_ENABLE_OBJC_ARC = YES;
				CLANG_ENABLE_OBJC_WEAK = YES;
				CLANG_WARN_BLOCK_CAPTURE_AUTORELEASING = YES;
				CLANG_WARN_BOOL_CONVERSION = YES;
				CLANG_WARN_COMMA = YES;
				CLANG_WARN_CONSTANT_CONVERSION = YES;
				CLANG_WARN_DEPRECATED_OBJC_IMPLEMENTATIONS = YES;
				CLANG_WARN_DIRECT_OBJC_ISA_USAGE = YES_ERROR;
				CLANG_WARN_DOCUMENTATION_COMMENTS = YES;
				CLANG_WARN_EMPTY_BODY = YES;
				CLANG_WARN_ENUM_CONVERSION = YES;
				CLANG_WARN_INFINITE_RECURSION = YES;
				CLANG_WARN_INT_CONVERSION = YES;
				CLANG_WARN_NON_LITERAL_NULL_CONVERSION = YES;
				CLANG_WARN_OBJC_IMPLICIT_RETAIN_SELF = YES;
				CLANG_WARN_OBJC_LITERAL_CONVERSION = YES;
				CLANG_WARN_OBJC_ROOT_CLASS = YES_ERROR;
				CLANG_WARN_QUOTED_INCLUDE_IN_FRAMEWORK_HEADER = YES;
				CLANG_WARN_RANGE_LOOP_ANALYSIS = YES;
				CLANG_WARN_STRICT_PROTOTYPES = YES;
				CLANG_WARN_SUSPICIOUS_MOVE = YES;
				CLANG_WARN_UNGUARDED_AVAILABILITY = YES_AGGRESSIVE;
				CLANG_WARN_UNREACHABLE_CODE = YES;
				CLANG_WARN__DUPLICATE_METHOD_MATCH = YES;
				COPY_PHASE_STRIP = NO;
				DEBUG_INFORMATION_FORMAT = "dwarf-with-dsym";
				ENABLE_NS_ASSERTIONS = NO;
				ENABLE_STRICT_OBJC_MSGSEND = YES;
				ENABLE_USER_SCRIPT_SANDBOXING = YES;
				GCC_C_LANGUAGE_STANDARD = gnu17;
				GCC_NO_COMMON_BLOCKS = YES;
				GCC_WARN_64_TO_32_BIT_CONVERSION = YES;
				GCC_WARN_ABOUT_RETURN_TYPE = YES_ERROR;
				GCC_WARN_UNDECLARED_SELECTOR = YES;
				GCC_WARN_UNINITIALIZED_AUTOS = YES_AGGRESSIVE;
				GCC_WARN_UNUSED_FUNCTION = YES;
				GCC_WARN_UNUSED_VARIABLE = YES;
				IPHONEOS_DEPLOYMENT_TARGET = 17.2;
				LOCALIZATION_PREFERS_STRING_CATALOGS = YES;
				MTL_ENABLE_DEBUG_INFO = NO;
				MTL_FAST_MATH = YES;
				SDKROOT = iphoneos;
				SWIFT_COMPILATION_MODE = wholemodule;
				VALIDATE_PRODUCT = YES;
			};
			name = Release;
		};
		AC2435A52D05C1BB00B21510 /* Debug */ = {
			isa = XCBuildConfiguration;
			buildSettings = {
				ASSETCATALOG_COMPILER_APPICON_NAME = AppIcon;
				ASSETCATALOG_COMPILER_GLOBAL_ACCENT_COLOR_NAME = AccentColor;
				CODE_SIGN_STYLE = Automatic;
				CURRENT_PROJECT_VERSION = 1;
				GENERATE_INFOPLIST_FILE = YES;
				INFOPLIST_FILE = testfinalfinal/Info.plist;
				INFOPLIST_KEY_UIApplicationSupportsIndirectInputEvents = YES;
				INFOPLIST_KEY_UILaunchStoryboardName = LaunchScreen;
				INFOPLIST_KEY_UIMainStoryboardFile = Main;
				INFOPLIST_KEY_UISupportedInterfaceOrientations_iPad = "UIInterfaceOrientationPortrait UIInterfaceOrientationPortraitUpsideDown UIInterfaceOrientationLandscapeLeft UIInterfaceOrientationLandscapeRight";
				INFOPLIST_KEY_UISupportedInterfaceOrientations_iPhone = "UIInterfaceOrientationPortrait UIInterfaceOrientationLandscapeLeft UIInterfaceOrientationLandscapeRight";
				IPHONEOS_DEPLOYMENT_TARGET = 15.0;
				LD_RUNPATH_SEARCH_PATHS = (
					"$(inherited)",
					"@executable_path/Frameworks",
				);
				MARKETING_VERSION = 1.0;
				PRODUCT_BUNDLE_IDENTIFIER = shutup.testfinalfinal;
				PRODUCT_NAME = "$(TARGET_NAME)";
				SWIFT_EMIT_LOC_STRINGS = YES;
				SWIFT_VERSION = 5.0;
				TARGETED_DEVICE_FAMILY = "1,2";
			};
			name = Debug;
		};
		AC2435A62D05C1BB00B21510 /* Release */ = {
			isa = XCBuildConfiguration;
			buildSettings = {
				ASSETCATALOG_COMPILER_APPICON_NAME = AppIcon;
				ASSETCATALOG_COMPILER_GLOBAL_ACCENT_COLOR_NAME = AccentColor;
				CODE_SIGN_STYLE = Automatic;
				CURRENT_PROJECT_VERSION = 1;
				GENERATE_INFOPLIST_FILE = YES;
				INFOPLIST_FILE = testfinalfinal/Info.plist;
				INFOPLIST_KEY_UIApplicationSupportsIndirectInputEvents = YES;
				INFOPLIST_KEY_UILaunchStoryboardName = LaunchScreen;
				INFOPLIST_KEY_UIMainStoryboardFile = Main;
				INFOPLIST_KEY_UISupportedInterfaceOrientations_iPad = "UIInterfaceOrientationPortrait UIInterfaceOrientationPortraitUpsideDown UIInterfaceOrientationLandscapeLeft UIInterfaceOrientationLandscapeRight";
				INFOPLIST_KEY_UISupportedInterfaceOrientations_iPhone = "UIInterfaceOrientationPortrait UIInterfaceOrientationLandscapeLeft UIInterfaceOrientationLandscapeRight";
				IPHONEOS_DEPLOYMENT_TARGET = 15.0;
				LD_RUNPATH_SEARCH_PATHS = (
					"$(inherited)",
					"@executable_path/Frameworks",
				);
				MARKETING_VERSION = 1.0;
				PRODUCT_BUNDLE_IDENTIFIER = shutup.testfinalfinal;
				PRODUCT_NAME = "$(TARGET_NAME)";
				SWIFT_EMIT_LOC_STRINGS = YES;
				SWIFT_VERSION = 5.0;
				TARGETED_DEVICE_FAMILY = "1,2";
			};
			name = Release;
		};
		AC2435A82D05C1BB00B21510 /* Debug */ = {
			isa = XCBuildConfiguration;
			buildSettings = {
				ALWAYS_EMBED_SWIFT_STANDARD_LIBRARIES = YES;
				BUNDLE_LOADER = "$(TEST_HOST)";
				CODE_SIGN_STYLE = Automatic;
				CURRENT_PROJECT_VERSION = 1;
				GENERATE_INFOPLIST_FILE = YES;
				IPHONEOS_DEPLOYMENT_TARGET = 17.2;
				MARKETING_VERSION = 1.0;
				PRODUCT_BUNDLE_IDENTIFIER = shutup.testfinalfinalTests;
				PRODUCT_NAME = "$(TARGET_NAME)";
				SWIFT_EMIT_LOC_STRINGS = NO;
				SWIFT_VERSION = 5.0;
				TARGETED_DEVICE_FAMILY = "1,2";
				TEST_HOST = "$(BUILT_PRODUCTS_DIR)/testfinalfinal.app/$(BUNDLE_EXECUTABLE_FOLDER_PATH)/testfinalfinal";
			};
			name = Debug;
		};
		AC2435A92D05C1BB00B21510 /* Release */ = {
			isa = XCBuildConfiguration;
			buildSettings = {
				ALWAYS_EMBED_SWIFT_STANDARD_LIBRARIES = YES;
				BUNDLE_LOADER = "$(TEST_HOST)";
				CODE_SIGN_STYLE = Automatic;
				CURRENT_PROJECT_VERSION = 1;
				GENERATE_INFOPLIST_FILE = YES;
				IPHONEOS_DEPLOYMENT_TARGET = 17.2;
				MARKETING_VERSION = 1.0;
				PRODUCT_BUNDLE_IDENTIFIER = shutup.testfinalfinalTests;
				PRODUCT_NAME = "$(TARGET_NAME)";
				SWIFT_EMIT_LOC_STRINGS = NO;
				SWIFT_VERSION = 5.0;
				TARGETED_DEVICE_FAMILY = "1,2";
				TEST_HOST = "$(BUILT_PRODUCTS_DIR)/testfinalfinal.app/$(BUNDLE_EXECUTABLE_FOLDER_PATH)/testfinalfinal";
			};
			name = Release;
		};
		AC2435AB2D05C1BB00B21510 /* Debug */ = {
			isa = XCBuildConfiguration;
			buildSettings = {
				ALWAYS_EMBED_SWIFT_STANDARD_LIBRARIES = YES;
				CODE_SIGN_STYLE = Automatic;
				CURRENT_PROJECT_VERSION = 1;
				GENERATE_INFOPLIST_FILE = YES;
				MARKETING_VERSION = 1.0;
				PRODUCT_BUNDLE_IDENTIFIER = shutup.testfinalfinalUITests;
				PRODUCT_NAME = "$(TARGET_NAME)";
				SWIFT_EMIT_LOC_STRINGS = NO;
				SWIFT_VERSION = 5.0;
				TARGETED_DEVICE_FAMILY = "1,2";
				TEST_TARGET_NAME = testfinalfinal;
			};
			name = Debug;
		};
		AC2435AC2D05C1BB00B21510 /* Release */ = {
			isa = XCBuildConfiguration;
			buildSettings = {
				ALWAYS_EMBED_SWIFT_STANDARD_LIBRARIES = YES;
				CODE_SIGN_STYLE = Automatic;
				CURRENT_PROJECT_VERSION = 1;
				GENERATE_INFOPLIST_FILE = YES;
				MARKETING_VERSION = 1.0;
				PRODUCT_BUNDLE_IDENTIFIER = shutup.testfinalfinalUITests;
				PRODUCT_NAME = "$(TARGET_NAME)";
				SWIFT_EMIT_LOC_STRINGS = NO;
				SWIFT_VERSION = 5.0;
				TARGETED_DEVICE_FAMILY = "1,2";
				TEST_TARGET_NAME = testfinalfinal;
			};
			name = Release;
		};
/* End XCBuildConfiguration section */

/* Begin XCConfigurationList section */
		AC2435752D05C1B700B21510 /* Build configuration list for PBXProject "testfinalfinal" */ = {
			isa = XCConfigurationList;
			buildConfigurations = (
				AC2435A22D05C1BB00B21510 /* Debug */,
				AC2435A32D05C1BB00B21510 /* Release */,
			);
			defaultConfigurationIsVisible = 0;
			defaultConfigurationName = Release;
		};
		AC2435A42D05C1BB00B21510 /* Build configuration list for PBXNativeTarget "testfinalfinal" */ = {
			isa = XCConfigurationList;
			buildConfigurations = (
				AC2435A52D05C1BB00B21510 /* Debug */,
				AC2435A62D05C1BB00B21510 /* Release */,
			);
			defaultConfigurationIsVisible = 0;
			defaultConfigurationName = Release;
		};
		AC2435A72D05C1BB00B21510 /* Build configuration list for PBXNativeTarget "testfinalfinalTests" */ = {
			isa = XCConfigurationList;
			buildConfigurations = (
				AC2435A82D05C1BB00B21510 /* Debug */,
				AC2435A92D05C1BB00B21510 /* Release */,
			);
			defaultConfigurationIsVisible = 0;
			defaultConfigurationName = Release;
		};
		AC2435AA2D05C1BB00B21510 /* Build configuration list for PBXNativeTarget "testfinalfinalUITests" */ = {
			isa = XCConfigurationList;
			buildConfigurations = (
				AC2435AB2D05C1BB00B21510 /* Debug */,
				AC2435AC2D05C1BB00B21510 /* Release */,
			);
			defaultConfigurationIsVisible = 0;
			defaultConfigurationName = Release;
		};
/* End XCConfigurationList section */
	};
	rootObject = AC2435722D05C1B700B21510 /* Project object */;
}
